{
  "name": "worker-pages",
  "version": "1.0.0",
  "lockfileVersion": 2,
  "requires": true,
  "packages": {
    "": {
      "license": "MIT",
      "dependencies": {
        "itty-router": "^2.4.4",
        "node-fetch": "^3.0.0"
      },
      "devDependencies": {
        "esbuild": "^0.13.3",
        "fast-glob": "^3.2.7"
      }
    },
    "node_modules/@nodelib/fs.scandir": {
      "version": "2.1.5",
      "resolved": "https://registry.npmjs.org/@nodelib/fs.scandir/-/fs.scandir-2.1.5.tgz",
      "integrity": "sha512-vq24Bq3ym5HEQm2NKCr3yXDwjc7vTsEThRDnkp2DK9p1uqLR+DHurm/NOTo0KG7HYHU7eppKZj3MyqYuMBf62g==",
      "dev": true,
      "dependencies": {
        "@nodelib/fs.stat": "2.0.5",
        "run-parallel": "^1.1.9"
      },
      "engines": {
        "node": ">= 8"
      }
    },
    "node_modules/@nodelib/fs.stat": {
      "version": "2.0.5",
      "resolved": "https://registry.npmjs.org/@nodelib/fs.stat/-/fs.stat-2.0.5.tgz",
      "integrity": "sha512-RkhPPp2zrqDAQA/2jNhnztcPAlv64XdhIp7a7454A5ovI7Bukxgt7MX7udwAu3zg1DcpPU0rz3VV1SeaqvY4+A==",
      "dev": true,
      "engines": {
        "node": ">= 8"
      }
    },
    "node_modules/@nodelib/fs.walk": {
      "version": "1.2.8",
      "resolved": "https://registry.npmjs.org/@nodelib/fs.walk/-/fs.walk-1.2.8.tgz",
      "integrity": "sha512-oGB+UxlgWcgQkgwo8GcEGwemoTFt3FIO9ababBmaGwXIoBKZ+GTy0pP185beGg7Llih/NSHSV2XAs1lnznocSg==",
      "dev": true,
      "dependencies": {
        "@nodelib/fs.scandir": "2.1.5",
        "fastq": "^1.6.0"
      },
      "engines": {
        "node": ">= 8"
      }
    },
    "node_modules/braces": {
      "version": "3.0.2",
      "resolved": "https://registry.npmjs.org/braces/-/braces-3.0.2.tgz",
      "integrity": "sha512-b8um+L1RzM3WDSzvhm6gIz1yfTbBt6YTlcEKAvsmqCZZFw46z626lVj9j1yEPW33H5H+lBQpZMP1k8l+78Ha0A==",
      "dev": true,
      "dependencies": {
        "fill-range": "^7.0.1"
      },
      "engines": {
        "node": ">=8"
      }
    },
    "node_modules/data-uri-to-buffer": {
      "version": "3.0.1",
      "resolved": "https://registry.npmjs.org/data-uri-to-buffer/-/data-uri-to-buffer-3.0.1.tgz",
      "integrity": "sha512-WboRycPNsVw3B3TL559F7kuBUM4d8CgMEvk6xEJlOp7OBPjt6G7z8WMWlD2rOFZLk6OYfFIUGsCOWzcQH9K2og==",
      "engines": {
        "node": ">= 6"
      }
    },
    "node_modules/esbuild": {
      "version": "0.13.3",
      "resolved": "https://registry.npmjs.org/esbuild/-/esbuild-0.13.3.tgz",
      "integrity": "sha512-98xovMLKnyhv3gcReUuAEi5Ig1rK6SIgvsJuBIcfwzqGSEHsV8UJjMlmkhHoHMf9XZybMpE9Zax8AA8f7i2hlQ==",
      "dev": true,
      "hasInstallScript": true,
      "bin": {
        "esbuild": "bin/esbuild"
      },
      "optionalDependencies": {
        "esbuild-android-arm64": "0.13.3",
        "esbuild-darwin-64": "0.13.3",
        "esbuild-darwin-arm64": "0.13.3",
        "esbuild-freebsd-64": "0.13.3",
        "esbuild-freebsd-arm64": "0.13.3",
        "esbuild-linux-32": "0.13.3",
        "esbuild-linux-64": "0.13.3",
        "esbuild-linux-arm": "0.13.3",
        "esbuild-linux-arm64": "0.13.3",
        "esbuild-linux-mips64le": "0.13.3",
        "esbuild-linux-ppc64le": "0.13.3",
        "esbuild-openbsd-64": "0.13.3",
        "esbuild-sunos-64": "0.13.3",
        "esbuild-windows-32": "0.13.3",
        "esbuild-windows-64": "0.13.3",
        "esbuild-windows-arm64": "0.13.3"
      }
    },
    "node_modules/esbuild-android-arm64": {
      "version": "0.13.3",
      "resolved": "https://registry.npmjs.org/esbuild-android-arm64/-/esbuild-android-arm64-0.13.3.tgz",
      "integrity": "sha512-jc9E8vGTHkzb0Vwl74H8liANV9BWsqtzLHaKvcsRgf1M+aVCBSF0gUheduAKfDsbDMT0judeMLhwBP34EUesTA==",
      "cpu": [
        "arm64"
      ],
      "dev": true,
      "optional": true,
      "os": [
        "android"
      ]
    },
    "node_modules/esbuild-darwin-64": {
      "version": "0.13.3",
      "resolved": "https://registry.npmjs.org/esbuild-darwin-64/-/esbuild-darwin-64-0.13.3.tgz",
      "integrity": "sha512-8bG3Zq+ZNuLlIJebOO2+weI7P2LVf33sOzaUfHj8MuJ+1Ixe4KtQxfYp7qhFnP6xP2ToJaYHxGUfLeiUCEz9hw==",
      "cpu": [
        "x64"
      ],
      "dev": true,
      "optional": true,
      "os": [
        "darwin"
      ]
    },
    "node_modules/esbuild-darwin-arm64": {
      "version": "0.13.3",
      "resolved": "https://registry.npmjs.org/esbuild-darwin-arm64/-/esbuild-darwin-arm64-0.13.3.tgz",
      "integrity": "sha512-5E81eImYtTgh8pY7Gq4WQHhWkR/LvYadUXmuYeZBiP+3ADZJZcG60UFceZrjqNPaFOWKr/xmh4aNocwagEubcA==",
      "cpu": [
        "arm64"
      ],
      "dev": true,
      "optional": true,
      "os": [
        "darwin"
      ]
    },
    "node_modules/esbuild-freebsd-64": {
      "version": "0.13.3",
      "resolved": "https://registry.npmjs.org/esbuild-freebsd-64/-/esbuild-freebsd-64-0.13.3.tgz",
      "integrity": "sha512-ou+f91KkTGexi8HvF/BdtsITL6plbciQfZGys7QX6/QEwyE96PmL5KnU6ZQwoU7E99Ts6Sc9bUDq8HXJubKtBA==",
      "cpu": [
        "x64"
      ],
      "dev": true,
      "optional": true,
      "os": [
        "freebsd"
      ]
    },
    "node_modules/esbuild-freebsd-arm64": {
      "version": "0.13.3",
      "resolved": "https://registry.npmjs.org/esbuild-freebsd-arm64/-/esbuild-freebsd-arm64-0.13.3.tgz",
      "integrity": "sha512-F1zV7nySjHswJuvIgjkiG5liZ63MeazDGXGKViTCeegjZ71sAhOChcaGhKcu6vq9+vqZxlfEi1fmXlx6Pc3coQ==",
      "cpu": [
        "arm64"
      ],
      "dev": true,
      "optional": true,
      "os": [
        "freebsd"
      ]
    },
    "node_modules/esbuild-linux-32": {
      "version": "0.13.3",
      "resolved": "https://registry.npmjs.org/esbuild-linux-32/-/esbuild-linux-32-0.13.3.tgz",
      "integrity": "sha512-mHHc2v6uLrHH4zaaq5RB/5IWzgimEJ1HGldzf1qtGI513KZWfH0HRRQ8p1di4notJgBn7tDzWQ1f34ZHy69viQ==",
      "cpu": [
        "ia32"
      ],
      "dev": true,
      "optional": true,
      "os": [
        "linux"
      ]
    },
    "node_modules/esbuild-linux-64": {
      "version": "0.13.3",
      "resolved": "https://registry.npmjs.org/esbuild-linux-64/-/esbuild-linux-64-0.13.3.tgz",
      "integrity": "sha512-FJ1De2O89mrOuqtaEXu41qIYJU6R41F+OA6vheNwcAQcX8fu0aiA13FJeLABq29BYJuTVgRj3cyC8q+tz19/dQ==",
      "cpu": [
        "x64"
      ],
      "dev": true,
      "optional": true,
      "os": [
        "linux"
      ]
    },
    "node_modules/esbuild-linux-arm": {
      "version": "0.13.3",
      "resolved": "https://registry.npmjs.org/esbuild-linux-arm/-/esbuild-linux-arm-0.13.3.tgz",
      "integrity": "sha512-9BJNRtLwBh3OP22cln9g3AJdbAQUcjRHqA4BScx9k4RZpGqPokFr548zpeplxWhcwrIjT8qPebwH9CrRVy8Bsw==",
      "cpu": [
        "arm"
      ],
      "dev": true,
      "optional": true,
      "os": [
        "linux"
      ]
    },
    "node_modules/esbuild-linux-arm64": {
      "version": "0.13.3",
      "resolved": "https://registry.npmjs.org/esbuild-linux-arm64/-/esbuild-linux-arm64-0.13.3.tgz",
      "integrity": "sha512-Cauhr45KSo+wRUojs+1qfycQqQCAXTOvsWvkZ6xmEMAXLAm+f8RQGDQeP8CAf8Yeelnegcn6UNdvzdzLHhWDFg==",
      "cpu": [
        "arm64"
      ],
      "dev": true,
      "optional": true,
      "os": [
        "linux"
      ]
    },
    "node_modules/esbuild-linux-mips64le": {
      "version": "0.13.3",
      "resolved": "https://registry.npmjs.org/esbuild-linux-mips64le/-/esbuild-linux-mips64le-0.13.3.tgz",
      "integrity": "sha512-YVzJUGCncuuLm2boYyVeuMFsak4ZAhdiBwi0xNDZCC8sy+tS6Boe2mzcrD2uubv5JKAUOrpN186S1DtU4WgBgw==",
      "cpu": [
        "mips64el"
      ],
      "dev": true,
      "optional": true,
      "os": [
        "linux"
      ]
    },
    "node_modules/esbuild-linux-ppc64le": {
      "version": "0.13.3",
      "resolved": "https://registry.npmjs.org/esbuild-linux-ppc64le/-/esbuild-linux-ppc64le-0.13.3.tgz",
      "integrity": "sha512-GU6CqqKtJEoyxC2QWHiJtmuOz9wc/jMv8ZloK2WwiGY5yMvAmM3PI103Dj7xcjebNTHBqITTUw/aigY1wx5A3w==",
      "cpu": [
        "ppc64"
      ],
      "dev": true,
      "optional": true,
      "os": [
        "linux"
      ]
    },
    "node_modules/esbuild-openbsd-64": {
      "version": "0.13.3",
      "resolved": "https://registry.npmjs.org/esbuild-openbsd-64/-/esbuild-openbsd-64-0.13.3.tgz",
      "integrity": "sha512-HVpkgpn4BQt4BPDAjTOpeMub6mzNWw6Y3gaLQJrpbO24pws6ZwYkY24OI3/Uo3LDCbH6856MM81JxECt92OWjA==",
      "cpu": [
        "x64"
      ],
      "dev": true,
      "optional": true,
      "os": [
        "openbsd"
      ]
    },
    "node_modules/esbuild-sunos-64": {
      "version": "0.13.3",
      "resolved": "https://registry.npmjs.org/esbuild-sunos-64/-/esbuild-sunos-64-0.13.3.tgz",
      "integrity": "sha512-XncBVOtnEfUbPV4CaiFBxh38ychnBfwCxuTm9iAqcHzIwkmeNRN5qMzDyfE1jyfJje+Bbt6AvIfz6SdYt8/UEQ==",
      "cpu": [
        "x64"
      ],
      "dev": true,
      "optional": true,
      "os": [
        "sunos"
      ]
    },
    "node_modules/esbuild-windows-32": {
      "version": "0.13.3",
      "resolved": "https://registry.npmjs.org/esbuild-windows-32/-/esbuild-windows-32-0.13.3.tgz",
      "integrity": "sha512-ZlgDz7d1nk8wQACi+z8IDzNZVUlN9iprAme+1YSTsfFDlkyI8jeaGWPk9EQFNY7rJzsLVYm6eZ2mhPioc7uT5A==",
      "cpu": [
        "ia32"
      ],
      "dev": true,
      "optional": true,
      "os": [
        "win32"
      ]
    },
    "node_modules/esbuild-windows-64": {
      "version": "0.13.3",
      "resolved": "https://registry.npmjs.org/esbuild-windows-64/-/esbuild-windows-64-0.13.3.tgz",
      "integrity": "sha512-YX7KvRez3TR+GudlQm9tND/ssj2FsF9vb8ZWzAoZOLxpPzE3y+3SFJNrfDzzQKPzJ0Pnh9KBP4gsaMwJjKHDhw==",
      "cpu": [
        "x64"
      ],
      "dev": true,
      "optional": true,
      "os": [
        "win32"
      ]
    },
    "node_modules/esbuild-windows-arm64": {
      "version": "0.13.3",
      "resolved": "https://registry.npmjs.org/esbuild-windows-arm64/-/esbuild-windows-arm64-0.13.3.tgz",
      "integrity": "sha512-nP7H0Y2a6OJd3Qi1Q8sehhyP4x4JoXK4S5y6FzH2vgaJgiyEurzFxjUufGdMaw+RxtxiwD/uRndUgwaZ2JD8lg==",
      "cpu": [
        "arm64"
      ],
      "dev": true,
      "optional": true,
      "os": [
        "win32"
      ]
    },
    "node_modules/fast-glob": {
      "version": "3.2.7",
      "resolved": "https://registry.npmjs.org/fast-glob/-/fast-glob-3.2.7.tgz",
      "integrity": "sha512-rYGMRwip6lUMvYD3BTScMwT1HtAs2d71SMv66Vrxs0IekGZEjhM0pcMfjQPnknBt2zeCwQMEupiN02ZP4DiT1Q==",
      "dev": true,
      "dependencies": {
        "@nodelib/fs.stat": "^2.0.2",
        "@nodelib/fs.walk": "^1.2.3",
        "glob-parent": "^5.1.2",
        "merge2": "^1.3.0",
        "micromatch": "^4.0.4"
      },
      "engines": {
        "node": ">=8"
      }
    },
    "node_modules/fastq": {
      "version": "1.13.0",
      "resolved": "https://registry.npmjs.org/fastq/-/fastq-1.13.0.tgz",
      "integrity": "sha512-YpkpUnK8od0o1hmeSc7UUs/eB/vIPWJYjKck2QKIzAf71Vm1AAQ3EbuZB3g2JIy+pg+ERD0vqI79KyZiB2e2Nw==",
      "dev": true,
      "dependencies": {
        "reusify": "^1.0.4"
      }
    },
    "node_modules/fetch-blob": {
      "version": "3.1.2",
      "resolved": "https://registry.npmjs.org/fetch-blob/-/fetch-blob-3.1.2.tgz",
      "integrity": "sha512-hunJbvy/6OLjCD0uuhLdp0mMPzP/yd2ssd1t2FCJsaA7wkWhpbp9xfuNVpv7Ll4jFhzp6T4LAupSiV9uOeg0VQ==",
      "funding": [
        {
          "type": "github",
          "url": "https://github.com/sponsors/jimmywarting"
        },
        {
          "type": "paypal",
          "url": "https://paypal.me/jimmywarting"
        }
      ],
      "dependencies": {
        "web-streams-polyfill": "^3.0.3"
      },
      "engines": {
        "node": "^12.20 || >= 14.13"
      }
    },
    "node_modules/fill-range": {
      "version": "7.0.1",
      "resolved": "https://registry.npmjs.org/fill-range/-/fill-range-7.0.1.tgz",
      "integrity": "sha512-qOo9F+dMUmC2Lcb4BbVvnKJxTPjCm+RRpe4gDuGrzkL7mEVl/djYSu2OdQ2Pa302N4oqkSg9ir6jaLWJ2USVpQ==",
      "dev": true,
      "dependencies": {
        "to-regex-range": "^5.0.1"
      },
      "engines": {
        "node": ">=8"
      }
    },
    "node_modules/glob-parent": {
      "version": "5.1.2",
      "resolved": "https://registry.npmjs.org/glob-parent/-/glob-parent-5.1.2.tgz",
      "integrity": "sha512-AOIgSQCepiJYwP3ARnGx+5VnTu2HBYdzbGP45eLw1vr3zB3vZLeyed1sC9hnbcOc9/SrMyM5RPQrkGz4aS9Zow==",
      "dev": true,
      "dependencies": {
        "is-glob": "^4.0.1"
      },
      "engines": {
        "node": ">= 6"
      }
    },
    "node_modules/is-extglob": {
      "version": "2.1.1",
      "resolved": "https://registry.npmjs.org/is-extglob/-/is-extglob-2.1.1.tgz",
      "integrity": "sha1-qIwCU1eR8C7TfHahueqXc8gz+MI=",
      "dev": true,
      "engines": {
        "node": ">=0.10.0"
      }
    },
    "node_modules/is-glob": {
      "version": "4.0.2",
      "resolved": "https://registry.npmjs.org/is-glob/-/is-glob-4.0.2.tgz",
      "integrity": "sha512-ZZTOjRcDjuAAAv2cTBQP/lL59ZTArx77+7UzHdWW/XB1mrfp7DEaVpKmZ0XIzx+M7AxfhKcqV+nMetUQmFifwg==",
      "dev": true,
      "dependencies": {
        "is-extglob": "^2.1.1"
      },
      "engines": {
        "node": ">=0.10.0"
      }
    },
    "node_modules/is-number": {
      "version": "7.0.0",
      "resolved": "https://registry.npmjs.org/is-number/-/is-number-7.0.0.tgz",
      "integrity": "sha512-41Cifkg6e8TylSpdtTpeLVMqvSBEVzTttHvERD741+pnZ8ANv0004MRL43QKPDlK9cGvNp6NZWZUBlbGXYxxng==",
      "dev": true,
      "engines": {
        "node": ">=0.12.0"
      }
    },
    "node_modules/itty-router": {
      "version": "2.4.4",
      "resolved": "https://registry.npmjs.org/itty-router/-/itty-router-2.4.4.tgz",
      "integrity": "sha512-mp5i47ZotK94FHondKJTZn/0dBAFzFpZpiHWn+aCgr/sg9cIVzt1gvLCKsXMkcHgKejb9GdhqvOfh7VYJJlQoQ=="
    },
    "node_modules/merge2": {
      "version": "1.4.1",
      "resolved": "https://registry.npmjs.org/merge2/-/merge2-1.4.1.tgz",
      "integrity": "sha512-8q7VEgMJW4J8tcfVPy8g09NcQwZdbwFEqhe/WZkoIzjn/3TGDwtOCYtXGxA3O8tPzpczCCDgv+P2P5y00ZJOOg==",
      "dev": true,
      "engines": {
        "node": ">= 8"
      }
    },
    "node_modules/micromatch": {
      "version": "4.0.4",
      "resolved": "https://registry.npmjs.org/micromatch/-/micromatch-4.0.4.tgz",
      "integrity": "sha512-pRmzw/XUcwXGpD9aI9q/0XOwLNygjETJ8y0ao0wdqprrzDa4YnxLcz7fQRZr8voh8V10kGhABbNcHVk5wHgWwg==",
      "dev": true,
      "dependencies": {
        "braces": "^3.0.1",
        "picomatch": "^2.2.3"
      },
      "engines": {
        "node": ">=8.6"
      }
    },
    "node_modules/node-fetch": {
      "version": "3.0.0",
      "resolved": "https://registry.npmjs.org/node-fetch/-/node-fetch-3.0.0.tgz",
      "integrity": "sha512-bKMI+C7/T/SPU1lKnbQbwxptpCrG9ashG+VkytmXCPZyuM9jB6VU+hY0oi4lC8LxTtAeWdckNCTa3nrGsAdA3Q==",
      "dependencies": {
        "data-uri-to-buffer": "^3.0.1",
        "fetch-blob": "^3.1.2"
      },
      "engines": {
        "node": "^12.20.0 || ^14.13.1 || >=16.0.0"
      },
      "funding": {
        "type": "opencollective",
        "url": "https://opencollective.com/node-fetch"
      }
    },
    "node_modules/picomatch": {
      "version": "2.3.0",
      "resolved": "https://registry.npmjs.org/picomatch/-/picomatch-2.3.0.tgz",
      "integrity": "sha512-lY1Q/PiJGC2zOv/z391WOTD+Z02bCgsFfvxoXXf6h7kv9o+WmsmzYqrAwY63sNgOxE4xEdq0WyUnXfKeBrSvYw==",
      "dev": true,
      "engines": {
        "node": ">=8.6"
      },
      "funding": {
        "url": "https://github.com/sponsors/jonschlinkert"
      }
    },
    "node_modules/queue-microtask": {
      "version": "1.2.3",
      "resolved": "https://registry.npmjs.org/queue-microtask/-/queue-microtask-1.2.3.tgz",
      "integrity": "sha512-NuaNSa6flKT5JaSYQzJok04JzTL1CA6aGhv5rfLW3PgqA+M2ChpZQnAC8h8i4ZFkBS8X5RqkDBHA7r4hej3K9A==",
      "dev": true,
      "funding": [
        {
          "type": "github",
          "url": "https://github.com/sponsors/feross"
        },
        {
          "type": "patreon",
          "url": "https://www.patreon.com/feross"
        },
        {
          "type": "consulting",
          "url": "https://feross.org/support"
        }
      ]
    },
    "node_modules/reusify": {
      "version": "1.0.4",
      "resolved": "https://registry.npmjs.org/reusify/-/reusify-1.0.4.tgz",
      "integrity": "sha512-U9nH88a3fc/ekCF1l0/UP1IosiuIjyTh7hBvXVMHYgVcfGvt897Xguj2UOLDeI5BG2m7/uwyaLVT6fbtCwTyzw==",
      "dev": true,
      "engines": {
        "iojs": ">=1.0.0",
        "node": ">=0.10.0"
      }
    },
    "node_modules/run-parallel": {
      "version": "1.2.0",
      "resolved": "https://registry.npmjs.org/run-parallel/-/run-parallel-1.2.0.tgz",
      "integrity": "sha512-5l4VyZR86LZ/lDxZTR6jqL8AFE2S0IFLMP26AbjsLVADxHdhB/c0GUsH+y39UfCi3dzz8OlQuPmnaJOMoDHQBA==",
      "dev": true,
      "funding": [
        {
          "type": "github",
          "url": "https://github.com/sponsors/feross"
        },
        {
          "type": "patreon",
          "url": "https://www.patreon.com/feross"
        },
        {
          "type": "consulting",
          "url": "https://feross.org/support"
        }
      ],
      "dependencies": {
        "queue-microtask": "^1.2.2"
      }
    },
    "node_modules/to-regex-range": {
      "version": "5.0.1",
      "resolved": "https://registry.npmjs.org/to-regex-range/-/to-regex-range-5.0.1.tgz",
      "integrity": "sha512-65P7iz6X5yEr1cwcgvQxbbIw7Uk3gOy5dIdtZ4rDveLqhrdJP+Li/Hx6tyK0NEb+2GCyneCMJiGqrADCSNk8sQ==",
      "dev": true,
      "dependencies": {
        "is-number": "^7.0.0"
      },
      "engines": {
        "node": ">=8.0"
      }
    },
    "node_modules/web-streams-polyfill": {
      "version": "3.1.1",
      "resolved": "https://registry.npmjs.org/web-streams-polyfill/-/web-streams-polyfill-3.1.1.tgz",
      "integrity": "sha512-Czi3fG883e96T4DLEPRvufrF2ydhOOW1+1a6c3gNjH2aIh50DNFBdfwh2AKoOf1rXvpvavAoA11Qdq9+BKjE0Q==",
      "engines": {
        "node": ">= 8"
      }
    }
  },
  "dependencies": {
    "@nodelib/fs.scandir": {
      "version": "2.1.5",
      "resolved": "https://registry.npmjs.org/@nodelib/fs.scandir/-/fs.scandir-2.1.5.tgz",
      "integrity": "sha512-vq24Bq3ym5HEQm2NKCr3yXDwjc7vTsEThRDnkp2DK9p1uqLR+DHurm/NOTo0KG7HYHU7eppKZj3MyqYuMBf62g==",
      "dev": true,
      "requires": {
        "@nodelib/fs.stat": "2.0.5",
        "run-parallel": "^1.1.9"
      }
    },
    "@nodelib/fs.stat": {
      "version": "2.0.5",
      "resolved": "https://registry.npmjs.org/@nodelib/fs.stat/-/fs.stat-2.0.5.tgz",
      "integrity": "sha512-RkhPPp2zrqDAQA/2jNhnztcPAlv64XdhIp7a7454A5ovI7Bukxgt7MX7udwAu3zg1DcpPU0rz3VV1SeaqvY4+A==",
      "dev": true
    },
    "@nodelib/fs.walk": {
      "version": "1.2.8",
      "resolved": "https://registry.npmjs.org/@nodelib/fs.walk/-/fs.walk-1.2.8.tgz",
      "integrity": "sha512-oGB+UxlgWcgQkgwo8GcEGwemoTFt3FIO9ababBmaGwXIoBKZ+GTy0pP185beGg7Llih/NSHSV2XAs1lnznocSg==",
      "dev": true,
      "requires": {
        "@nodelib/fs.scandir": "2.1.5",
        "fastq": "^1.6.0"
      }
    },
    "braces": {
      "version": "3.0.2",
      "resolved": "https://registry.npmjs.org/braces/-/braces-3.0.2.tgz",
      "integrity": "sha512-b8um+L1RzM3WDSzvhm6gIz1yfTbBt6YTlcEKAvsmqCZZFw46z626lVj9j1yEPW33H5H+lBQpZMP1k8l+78Ha0A==",
      "dev": true,
      "requires": {
        "fill-range": "^7.0.1"
      }
    },
    "data-uri-to-buffer": {
      "version": "3.0.1",
      "resolved": "https://registry.npmjs.org/data-uri-to-buffer/-/data-uri-to-buffer-3.0.1.tgz",
      "integrity": "sha512-WboRycPNsVw3B3TL559F7kuBUM4d8CgMEvk6xEJlOp7OBPjt6G7z8WMWlD2rOFZLk6OYfFIUGsCOWzcQH9K2og=="
    },
    "esbuild": {
      "version": "0.13.3",
      "resolved": "https://registry.npmjs.org/esbuild/-/esbuild-0.13.3.tgz",
      "integrity": "sha512-98xovMLKnyhv3gcReUuAEi5Ig1rK6SIgvsJuBIcfwzqGSEHsV8UJjMlmkhHoHMf9XZybMpE9Zax8AA8f7i2hlQ==",
      "dev": true,
      "requires": {
        "esbuild-android-arm64": "0.13.3",
        "esbuild-darwin-64": "0.13.3",
        "esbuild-darwin-arm64": "0.13.3",
        "esbuild-freebsd-64": "0.13.3",
        "esbuild-freebsd-arm64": "0.13.3",
        "esbuild-linux-32": "0.13.3",
        "esbuild-linux-64": "0.13.3",
        "esbuild-linux-arm": "0.13.3",
        "esbuild-linux-arm64": "0.13.3",
        "esbuild-linux-mips64le": "0.13.3",
        "esbuild-linux-ppc64le": "0.13.3",
        "esbuild-openbsd-64": "0.13.3",
        "esbuild-sunos-64": "0.13.3",
        "esbuild-windows-32": "0.13.3",
        "esbuild-windows-64": "0.13.3",
        "esbuild-windows-arm64": "0.13.3"
      }
    },
    "esbuild-android-arm64": {
      "version": "0.13.3",
      "resolved": "https://registry.npmjs.org/esbuild-android-arm64/-/esbuild-android-arm64-0.13.3.tgz",
      "integrity": "sha512-jc9E8vGTHkzb0Vwl74H8liANV9BWsqtzLHaKvcsRgf1M+aVCBSF0gUheduAKfDsbDMT0judeMLhwBP34EUesTA==",
      "dev": true,
      "optional": true
    },
    "esbuild-darwin-64": {
      "version": "0.13.3",
      "resolved": "https://registry.npmjs.org/esbuild-darwin-64/-/esbuild-darwin-64-0.13.3.tgz",
      "integrity": "sha512-8bG3Zq+ZNuLlIJebOO2+weI7P2LVf33sOzaUfHj8MuJ+1Ixe4KtQxfYp7qhFnP6xP2ToJaYHxGUfLeiUCEz9hw==",
      "dev": true,
      "optional": true
    },
    "esbuild-darwin-arm64": {
      "version": "0.13.3",
      "resolved": "https://registry.npmjs.org/esbuild-darwin-arm64/-/esbuild-darwin-arm64-0.13.3.tgz",
      "integrity": "sha512-5E81eImYtTgh8pY7Gq4WQHhWkR/LvYadUXmuYeZBiP+3ADZJZcG60UFceZrjqNPaFOWKr/xmh4aNocwagEubcA==",
      "dev": true,
      "optional": true
    },
    "esbuild-freebsd-64": {
      "version": "0.13.3",
      "resolved": "https://registry.npmjs.org/esbuild-freebsd-64/-/esbuild-freebsd-64-0.13.3.tgz",
      "integrity": "sha512-ou+f91KkTGexi8HvF/BdtsITL6plbciQfZGys7QX6/QEwyE96PmL5KnU6ZQwoU7E99Ts6Sc9bUDq8HXJubKtBA==",
      "dev": true,
      "optional": true
    },
    "esbuild-freebsd-arm64": {
      "version": "0.13.3",
      "resolved": "https://registry.npmjs.org/esbuild-freebsd-arm64/-/esbuild-freebsd-arm64-0.13.3.tgz",
      "integrity": "sha512-F1zV7nySjHswJuvIgjkiG5liZ63MeazDGXGKViTCeegjZ71sAhOChcaGhKcu6vq9+vqZxlfEi1fmXlx6Pc3coQ==",
      "dev": true,
      "optional": true
    },
    "esbuild-linux-32": {
      "version": "0.13.3",
      "resolved": "https://registry.npmjs.org/esbuild-linux-32/-/esbuild-linux-32-0.13.3.tgz",
      "integrity": "sha512-mHHc2v6uLrHH4zaaq5RB/5IWzgimEJ1HGldzf1qtGI513KZWfH0HRRQ8p1di4notJgBn7tDzWQ1f34ZHy69viQ==",
      "dev": true,
      "optional": true
    },
    "esbuild-linux-64": {
      "version": "0.13.3",
      "resolved": "https://registry.npmjs.org/esbuild-linux-64/-/esbuild-linux-64-0.13.3.tgz",
      "integrity": "sha512-FJ1De2O89mrOuqtaEXu41qIYJU6R41F+OA6vheNwcAQcX8fu0aiA13FJeLABq29BYJuTVgRj3cyC8q+tz19/dQ==",
      "dev": true,
      "optional": true
    },
    "esbuild-linux-arm": {
      "version": "0.13.3",
      "resolved": "https://registry.npmjs.org/esbuild-linux-arm/-/esbuild-linux-arm-0.13.3.tgz",
      "integrity": "sha512-9BJNRtLwBh3OP22cln9g3AJdbAQUcjRHqA4BScx9k4RZpGqPokFr548zpeplxWhcwrIjT8qPebwH9CrRVy8Bsw==",
      "dev": true,
      "optional": true
    },
    "esbuild-linux-arm64": {
      "version": "0.13.3",
      "resolved": "https://registry.npmjs.org/esbuild-linux-arm64/-/esbuild-linux-arm64-0.13.3.tgz",
      "integrity": "sha512-Cauhr45KSo+wRUojs+1qfycQqQCAXTOvsWvkZ6xmEMAXLAm+f8RQGDQeP8CAf8Yeelnegcn6UNdvzdzLHhWDFg==",
      "dev": true,
      "optional": true
    },
    "esbuild-linux-mips64le": {
      "version": "0.13.3",
      "resolved": "https://registry.npmjs.org/esbuild-linux-mips64le/-/esbuild-linux-mips64le-0.13.3.tgz",
      "integrity": "sha512-YVzJUGCncuuLm2boYyVeuMFsak4ZAhdiBwi0xNDZCC8sy+tS6Boe2mzcrD2uubv5JKAUOrpN186S1DtU4WgBgw==",
      "dev": true,
      "optional": true
    },
    "esbuild-linux-ppc64le": {
      "version": "0.13.3",
      "resolved": "https://registry.npmjs.org/esbuild-linux-ppc64le/-/esbuild-linux-ppc64le-0.13.3.tgz",
      "integrity": "sha512-GU6CqqKtJEoyxC2QWHiJtmuOz9wc/jMv8ZloK2WwiGY5yMvAmM3PI103Dj7xcjebNTHBqITTUw/aigY1wx5A3w==",
      "dev": true,
      "optional": true
    },
    "esbuild-openbsd-64": {
      "version": "0.13.3",
      "resolved": "https://registry.npmjs.org/esbuild-openbsd-64/-/esbuild-openbsd-64-0.13.3.tgz",
      "integrity": "sha512-HVpkgpn4BQt4BPDAjTOpeMub6mzNWw6Y3gaLQJrpbO24pws6ZwYkY24OI3/Uo3LDCbH6856MM81JxECt92OWjA==",
      "dev": true,
      "optional": true
    },
    "esbuild-sunos-64": {
      "version": "0.13.3",
      "resolved": "https://registry.npmjs.org/esbuild-sunos-64/-/esbuild-sunos-64-0.13.3.tgz",
      "integrity": "sha512-XncBVOtnEfUbPV4CaiFBxh38ychnBfwCxuTm9iAqcHzIwkmeNRN5qMzDyfE1jyfJje+Bbt6AvIfz6SdYt8/UEQ==",
      "dev": true,
      "optional": true
    },
    "esbuild-windows-32": {
      "version": "0.13.3",
      "resolved": "https://registry.npmjs.org/esbuild-windows-32/-/esbuild-windows-32-0.13.3.tgz",
      "integrity": "sha512-ZlgDz7d1nk8wQACi+z8IDzNZVUlN9iprAme+1YSTsfFDlkyI8jeaGWPk9EQFNY7rJzsLVYm6eZ2mhPioc7uT5A==",
      "dev": true,
      "optional": true
    },
    "esbuild-windows-64": {
      "version": "0.13.3",
      "resolved": "https://registry.npmjs.org/esbuild-windows-64/-/esbuild-windows-64-0.13.3.tgz",
      "integrity": "sha512-YX7KvRez3TR+GudlQm9tND/ssj2FsF9vb8ZWzAoZOLxpPzE3y+3SFJNrfDzzQKPzJ0Pnh9KBP4gsaMwJjKHDhw==",
      "dev": true,
      "optional": true
    },
    "esbuild-windows-arm64": {
      "version": "0.13.3",
      "resolved": "https://registry.npmjs.org/esbuild-windows-arm64/-/esbuild-windows-arm64-0.13.3.tgz",
      "integrity": "sha512-nP7H0Y2a6OJd3Qi1Q8sehhyP4x4JoXK4S5y6FzH2vgaJgiyEurzFxjUufGdMaw+RxtxiwD/uRndUgwaZ2JD8lg==",
      "dev": true,
      "optional": true
    },
    "fast-glob": {
      "version": "3.2.7",
      "resolved": "https://registry.npmjs.org/fast-glob/-/fast-glob-3.2.7.tgz",
      "integrity": "sha512-rYGMRwip6lUMvYD3BTScMwT1HtAs2d71SMv66Vrxs0IekGZEjhM0pcMfjQPnknBt2zeCwQMEupiN02ZP4DiT1Q==",
      "dev": true,
      "requires": {
        "@nodelib/fs.stat": "^2.0.2",
        "@nodelib/fs.walk": "^1.2.3",
        "glob-parent": "^5.1.2",
        "merge2": "^1.3.0",
        "micromatch": "^4.0.4"
      }
    },
    "fastq": {
      "version": "1.13.0",
      "resolved": "https://registry.npmjs.org/fastq/-/fastq-1.13.0.tgz",
      "integrity": "sha512-YpkpUnK8od0o1hmeSc7UUs/eB/vIPWJYjKck2QKIzAf71Vm1AAQ3EbuZB3g2JIy+pg+ERD0vqI79KyZiB2e2Nw==",
      "dev": true,
      "requires": {
        "reusify": "^1.0.4"
      }
    },
    "fetch-blob": {
      "version": "3.1.2",
      "resolved": "https://registry.npmjs.org/fetch-blob/-/fetch-blob-3.1.2.tgz",
      "integrity": "sha512-hunJbvy/6OLjCD0uuhLdp0mMPzP/yd2ssd1t2FCJsaA7wkWhpbp9xfuNVpv7Ll4jFhzp6T4LAupSiV9uOeg0VQ==",
      "requires": {
        "web-streams-polyfill": "^3.0.3"
      }
    },
    "fill-range": {
      "version": "7.0.1",
      "resolved": "https://registry.npmjs.org/fill-range/-/fill-range-7.0.1.tgz",
      "integrity": "sha512-qOo9F+dMUmC2Lcb4BbVvnKJxTPjCm+RRpe4gDuGrzkL7mEVl/djYSu2OdQ2Pa302N4oqkSg9ir6jaLWJ2USVpQ==",
      "dev": true,
      "requires": {
        "to-regex-range": "^5.0.1"
      }
    },
    "glob-parent": {
      "version": "5.1.2",
      "resolved": "https://registry.npmjs.org/glob-parent/-/glob-parent-5.1.2.tgz",
      "integrity": "sha512-AOIgSQCepiJYwP3ARnGx+5VnTu2HBYdzbGP45eLw1vr3zB3vZLeyed1sC9hnbcOc9/SrMyM5RPQrkGz4aS9Zow==",
      "dev": true,
      "requires": {
        "is-glob": "^4.0.1"
      }
    },
    "is-extglob": {
      "version": "2.1.1",
      "resolved": "https://registry.npmjs.org/is-extglob/-/is-extglob-2.1.1.tgz",
      "integrity": "sha1-qIwCU1eR8C7TfHahueqXc8gz+MI=",
      "dev": true
    },
    "is-glob": {
      "version": "4.0.2",
      "resolved": "https://registry.npmjs.org/is-glob/-/is-glob-4.0.2.tgz",
      "integrity": "sha512-ZZTOjRcDjuAAAv2cTBQP/lL59ZTArx77+7UzHdWW/XB1mrfp7DEaVpKmZ0XIzx+M7AxfhKcqV+nMetUQmFifwg==",
      "dev": true,
      "requires": {
        "is-extglob": "^2.1.1"
      }
    },
    "is-number": {
      "version": "7.0.0",
      "resolved": "https://registry.npmjs.org/is-number/-/is-number-7.0.0.tgz",
      "integrity": "sha512-41Cifkg6e8TylSpdtTpeLVMqvSBEVzTttHvERD741+pnZ8ANv0004MRL43QKPDlK9cGvNp6NZWZUBlbGXYxxng==",
      "dev": true
    },
    "itty-router": {
      "version": "2.4.4",
      "resolved": "https://registry.npmjs.org/itty-router/-/itty-router-2.4.4.tgz",
      "integrity": "sha512-mp5i47ZotK94FHondKJTZn/0dBAFzFpZpiHWn+aCgr/sg9cIVzt1gvLCKsXMkcHgKejb9GdhqvOfh7VYJJlQoQ=="
    },
    "merge2": {
      "version": "1.4.1",
      "resolved": "https://registry.npmjs.org/merge2/-/merge2-1.4.1.tgz",
      "integrity": "sha512-8q7VEgMJW4J8tcfVPy8g09NcQwZdbwFEqhe/WZkoIzjn/3TGDwtOCYtXGxA3O8tPzpczCCDgv+P2P5y00ZJOOg==",
      "dev": true
    },
    "micromatch": {
      "version": "4.0.4",
      "resolved": "https://registry.npmjs.org/micromatch/-/micromatch-4.0.4.tgz",
      "integrity": "sha512-pRmzw/XUcwXGpD9aI9q/0XOwLNygjETJ8y0ao0wdqprrzDa4YnxLcz7fQRZr8voh8V10kGhABbNcHVk5wHgWwg==",
      "dev": true,
      "requires": {
        "braces": "^3.0.1",
        "picomatch": "^2.2.3"
      }
    },
    "node-fetch": {
      "version": "3.0.0",
      "resolved": "https://registry.npmjs.org/node-fetch/-/node-fetch-3.0.0.tgz",
      "integrity": "sha512-bKMI+C7/T/SPU1lKnbQbwxptpCrG9ashG+VkytmXCPZyuM9jB6VU+hY0oi4lC8LxTtAeWdckNCTa3nrGsAdA3Q==",
      "requires": {
        "data-uri-to-buffer": "^3.0.1",
        "fetch-blob": "^3.1.2"
      }
    },
    "picomatch": {
      "version": "2.3.0",
      "resolved": "https://registry.npmjs.org/picomatch/-/picomatch-2.3.0.tgz",
      "integrity": "sha512-lY1Q/PiJGC2zOv/z391WOTD+Z02bCgsFfvxoXXf6h7kv9o+WmsmzYqrAwY63sNgOxE4xEdq0WyUnXfKeBrSvYw==",
      "dev": true
    },
    "queue-microtask": {
      "version": "1.2.3",
      "resolved": "https://registry.npmjs.org/queue-microtask/-/queue-microtask-1.2.3.tgz",
      "integrity": "sha512-NuaNSa6flKT5JaSYQzJok04JzTL1CA6aGhv5rfLW3PgqA+M2ChpZQnAC8h8i4ZFkBS8X5RqkDBHA7r4hej3K9A==",
      "dev": true
    },
    "reusify": {
      "version": "1.0.4",
      "resolved": "https://registry.npmjs.org/reusify/-/reusify-1.0.4.tgz",
      "integrity": "sha512-U9nH88a3fc/ekCF1l0/UP1IosiuIjyTh7hBvXVMHYgVcfGvt897Xguj2UOLDeI5BG2m7/uwyaLVT6fbtCwTyzw==",
      "dev": true
    },
    "run-parallel": {
      "version": "1.2.0",
      "resolved": "https://registry.npmjs.org/run-parallel/-/run-parallel-1.2.0.tgz",
      "integrity": "sha512-5l4VyZR86LZ/lDxZTR6jqL8AFE2S0IFLMP26AbjsLVADxHdhB/c0GUsH+y39UfCi3dzz8OlQuPmnaJOMoDHQBA==",
      "dev": true,
      "requires": {
        "queue-microtask": "^1.2.2"
      }
    },
    "to-regex-range": {
      "version": "5.0.1",
      "resolved": "https://registry.npmjs.org/to-regex-range/-/to-regex-range-5.0.1.tgz",
      "integrity": "sha512-65P7iz6X5yEr1cwcgvQxbbIw7Uk3gOy5dIdtZ4rDveLqhrdJP+Li/Hx6tyK0NEb+2GCyneCMJiGqrADCSNk8sQ==",
      "dev": true,
      "requires": {
        "is-number": "^7.0.0"
      }
    },
    "web-streams-polyfill": {
      "version": "3.1.1",
      "resolved": "https://registry.npmjs.org/web-streams-polyfill/-/web-streams-polyfill-3.1.1.tgz",
      "integrity": "sha512-Czi3fG883e96T4DLEPRvufrF2ydhOOW1+1a6c3gNjH2aIh50DNFBdfwh2AKoOf1rXvpvavAoA11Qdq9+BKjE0Q=="
    }
  }
}
